
Microsoft Visual Studio Solution File, Format Version 12.00
Project("{FAE04EC0-301F-11D3-BF4B-00C04F79EFBC}") = "DynamicQuerying", "DynamicQuerying\DynamicQuerying.csproj", "{18C8DF11-AF7B-400F-BA6B-99AA8D8FE6D7}"
EndProject
Project("{FAE04EC0-301F-11D3-BF4B-00C04F79EFBC}") = "DynamicQuerying.Tests", "DynamicQuerying.Tests\DynamicQuerying.Tests.csproj", "{17383C80-1145-414E-A418-B35811BF4561}"
EndProject
Global
	GlobalSection(SolutionConfigurationPlatforms) = preSolution
		Debug|Any CPU = Debug|Any CPU
		Release|Any CPU = Release|Any CPU
	EndGlobalSection
	GlobalSection(ProjectConfigurationPlatforms) = postSolution
		{18C8DF11-AF7B-400F-BA6B-99AA8D8FE6D7}.Debug|Any CPU.ActiveCfg = Debug|Any CPU
		{18C8DF11-AF7B-400F-BA6B-99AA8D8FE6D7}.Debug|Any CPU.Build.0 = Debug|Any CPU
		{18C8DF11-AF7B-400F-BA6B-99AA8D8FE6D7}.Release|Any CPU.ActiveCfg = Release|Any CPU
		{18C8DF11-AF7B-400F-BA6B-99AA8D8FE6D7}.Release|Any CPU.Build.0 = Release|Any CPU
		{17383C80-1145-414E-A418-B35811BF4561}.Debug|Any CPU.ActiveCfg = Debug|Any CPU
		{17383C80-1145-414E-A418-B35811BF4561}.Debug|Any CPU.Build.0 = Debug|Any CPU
		{17383C80-1145-414E-A418-B35811BF4561}.Release|Any CPU.ActiveCfg = Release|Any CPU
		{17383C80-1145-414E-A418-B35811BF4561}.Release|Any CPU.Build.0 = Release|Any CPU
	EndGlobalSection
EndGlobal
